<?xml version="1.0" encoding="utf-8"?>
<Project ToolsVersion="4.0" xmlns="http://schemas.microsoft.com/developer/msbuild/2003">
  <ItemGroup>
    <Filter Include="base">
      <UniqueIdentifier>{8078947C-6CAF-950D-159C-7B1001B2110F}</UniqueIdentifier>
    </Filter>
    <Filter Include="gpu">
      <UniqueIdentifier>{F177880B-5D81-887C-E6FC-9E7C5205947C}</UniqueIdentifier>
    </Filter>
    <Filter Include="gpu\d3d12">
      <UniqueIdentifier>{DE972AD0-4A02-DF46-9340-90ECFFE9BC9B}</UniqueIdentifier>
    </Filter>
  </ItemGroup>
  <ItemGroup>
    <ClCompile Include="..\src\xenia\base\console_app_main_win.cc">
      <Filter>base</Filter>
    </ClCompile>
    <ClCompile Include="..\src\xenia\gpu\d3d12\d3d12_trace_dump_main.cc">
      <Filter>gpu\d3d12</Filter>
    </ClCompile>
  </ItemGroup>
  <ItemGroup>
    <None Include="..\src\xenia\base\app_win32.manifest">
      <Filter>base</Filter>
    </None>
  </ItemGroup>
</Project>